
Microsoft Visual Studio Solution File, Format Version 12.00
# Visual Studio Version 17
VisualStudioVersion = 17.5.33627.172
MinimumVisualStudioVersion = 10.0.40219.1
Project("{FAE04EC0-301F-11D3-BF4B-00C04F79EFBC}") = "watershed test bar", "watershed test bar\watershed test bar.csproj", "{DBDFA51B-8B86-47B5-953C-6B997A950B2E}"
EndProject
Global
	GlobalSection(SolutionConfigurationPlatforms) = preSolution
		Debug|Any CPU = Debug|Any CPU
		Release|Any CPU = Release|Any CPU
	EndGlobalSection
	GlobalSection(ProjectConfigurationPlatforms) = postSolution
		{DBDFA51B-8B86-47B5-953C-6B997A950B2E}.Debug|Any CPU.ActiveCfg = Debug|Any CPU
		{DBDFA51B-8B86-47B5-953C-6B997A950B2E}.Debug|Any CPU.Build.0 = Debug|Any CPU
		{DBDFA51B-8B86-47B5-953C-6B997A950B2E}.Release|Any CPU.ActiveCfg = Release|Any CPU
		{DBDFA51B-8B86-47B5-953C-6B997A950B2E}.Release|Any CPU.Build.0 = Release|Any CPU
	EndGlobalSection
	GlobalSection(SolutionProperties) = preSolution
		HideSolutionNode = FALSE
	EndGlobalSection
	GlobalSection(ExtensibilityGlobals) = postSolution
		SolutionGuid = {DA77BAB7-EE37-4E82-B49B-93E27EF59E8F}
	EndGlobalSection
EndGlobal
